schema: '2.0'
stages:
  download_ATMP:
    cmd: python prepare.py download --dataset ATMP
    deps:
    - path: data/inputs/datasets/ATMP/models.tsv
      hash: md5
      md5: 32f127a139be3957fe06480dd5caa9e6
      size: 25280
    outs:
    - path: data/inputs/datasets/ATMP/papers
      hash: md5
      md5: d751713988987e9331980363e24189ce.dir
      size: 0
      nfiles: 0
  download_breast_cancer:
    cmd: python prepare.py download --dataset breast_cancer
    deps:
    - path: data/inputs/datasets/breast_cancer/models.tsv
      hash: md5
      md5: 4fd66c0fb66a8616f3fd02c7e8ed6a9d
      size: 249074
    outs:
    - path: data/inputs/datasets/breast_cancer/papers
      hash: md5
      md5: 537df90f01902975b207e810b5df47da.dir
      size: 2110529081
      nfiles: 830
  download_immuno_oncology:
    cmd: python prepare.py download --dataset immuno_oncology
    deps:
    - path: data/inputs/datasets/immuno_oncology/models.tsv
      hash: md5
      md5: 9ba01f5c59eeac80526d7e7196799d6f
      size: 168291
    outs:
    - path: data/inputs/datasets/immuno_oncology/papers
      hash: md5
      md5: ff8a62b24cd66777be26672a308fac6f.dir
      size: 890647515
      nfiles: 488
  download_CVD:
    cmd: python prepare.py download --dataset CVD
    deps:
    - path: data/inputs/datasets/CVD/models.tsv
      hash: md5
      md5: 982fbb273f2b3860c06188c537e34456
      size: 117001
    outs:
    - path: data/inputs/datasets/CVD/papers
      hash: md5
      md5: bc3673d94ea772a3c52b711609fb39db.dir
      size: 843036065
      nfiles: 437
  download_neurodegenerative:
    cmd: python prepare.py download --dataset neurodegenerative
    deps:
    - path: data/inputs/datasets/neurodegenerative/models.tsv
      hash: md5
      md5: 7e0eb6a04a2ce6a628530baa165f4451
      size: 240657
    outs:
    - path: data/inputs/datasets/neurodegenerative/papers
      hash: md5
      md5: a95e092c90e1006c9019e96d5d11edb5.dir
      size: 52775902
      nfiles: 505
  download_respiratory:
    cmd: python prepare.py download --dataset respiratory
    deps:
    - path: data/inputs/datasets/respiratory/models.tsv
      hash: md5
      md5: 39fa700e9996f3cbe8bf336c53aecbb9
      size: 335375
    outs:
    - path: data/inputs/datasets/respiratory/papers
      hash: md5
      md5: 34d14c8f2029afbf61a7df594e7acdda.dir
      size: 780368865
      nfiles: 276
  parse_ATMP:
    cmd: python prepare.py parse --dataset ATMP --recreate_parent true
    deps:
    - path: data/inputs/datasets/ATMP/papers
      hash: md5
      md5: d751713988987e9331980363e24189ce.dir
      size: 0
      nfiles: 0
    outs:
    - path: data/inputs/datasets/ATMP/parsed_papers
      hash: md5
      md5: 2bb488da15bd5cf45b2f62fbec37f4ca.dir
      size: 3467572
      nfiles: 67
  parse_CVD:
    cmd: python prepare.py parse --dataset CVD --recreate_parent true
    deps:
    - path: data/inputs/datasets/CVD/papers
      hash: md5
      md5: bc3673d94ea772a3c52b711609fb39db.dir
      size: 843036065
      nfiles: 437
    outs:
    - path: data/inputs/datasets/CVD/parsed_papers
      hash: md5
      md5: 174f905a7b7487757bc4fad023ace727.dir
      size: 11770926
      nfiles: 240
  parse_breast_cancer:
    cmd: python prepare.py parse --dataset breast_cancer --recreate_parent true
    deps:
    - path: data/inputs/datasets/breast_cancer/papers
      hash: md5
      md5: 537df90f01902975b207e810b5df47da.dir
      size: 2110529081
      nfiles: 830
    outs:
    - path: data/inputs/datasets/breast_cancer/parsed_papers
      hash: md5
      md5: f024acfcba2c5e3bc3da6c762414144f.dir
      size: 34880363
      nfiles: 683
  parse_immuno_oncology:
    cmd: python prepare.py parse --dataset immuno_oncology --recreate_parent true
    deps:
    - path: data/inputs/datasets/immuno_oncology/papers
      hash: md5
      md5: ff8a62b24cd66777be26672a308fac6f.dir
      size: 890647515
      nfiles: 488
    outs:
    - path: data/inputs/datasets/immuno_oncology/parsed_papers
      hash: md5
      md5: b3ba2304e5e9d6a09cfbd3bd66788cb5.dir
      size: 16805544
      nfiles: 339
  parse_neurodegenerative:
    cmd: python prepare.py parse --dataset neurodegenerative --recreate_parent true
    deps:
    - path: data/inputs/datasets/neurodegenerative/papers
      hash: md5
      md5: a95e092c90e1006c9019e96d5d11edb5.dir
      size: 52775902
      nfiles: 505
    outs:
    - path: data/inputs/datasets/neurodegenerative/parsed_papers
      hash: md5
      md5: 8e86e3c330b5ae849fdd2a34e5afbd9b.dir
      size: 642081
      nfiles: 9
  parse_respiratory:
    cmd: python prepare.py parse --dataset respiratory --recreate_parent true
    deps:
    - path: data/inputs/datasets/respiratory/papers
      hash: md5
      md5: 34d14c8f2029afbf61a7df594e7acdda.dir
      size: 780368865
      nfiles: 276
    outs:
    - path: data/inputs/datasets/respiratory/parsed_papers
      hash: md5
      md5: 63ec8e973bad3bd4bdc1eba51d284e6b.dir
      size: 14305168
      nfiles: 275
  draw_pipeline:
    cmd: dvc dag --dot | dot -Tsvg -o dvc_pipeline.svg
  stats_ATMP:
    cmd: python prepare.py stats --dataset ATMP --access data/inputs/datasets/ATMP/access.json
    deps:
    - path: data/inputs/datasets/ATMP/models.tsv
      hash: md5
      md5: 32f127a139be3957fe06480dd5caa9e6
      size: 25280
    outs:
    - path: data/inputs/datasets/ATMP/access.json
      hash: md5
      md5: b6bb8c69c262e375a836b1c0e98bd8db
      size: 38229
  stats_CVD:
    cmd: python prepare.py stats --dataset CVD --access data/inputs/datasets/CVD/access.json
    deps:
    - path: data/inputs/datasets/CVD/models.tsv
      hash: md5
      md5: 982fbb273f2b3860c06188c537e34456
      size: 117001
    outs:
    - path: data/inputs/datasets/CVD/access.json
      hash: md5
      md5: 2679f38a515a5d2d7783314b673be0ab
      size: 186680
  stats_breast_cancer:
    cmd: python prepare.py stats --dataset breast_cancer --access data/inputs/datasets/breast_cancer/access.json
    deps:
    - path: data/inputs/datasets/breast_cancer/models.tsv
      hash: md5
      md5: 4fd66c0fb66a8616f3fd02c7e8ed6a9d
      size: 249074
    outs:
    - path: data/inputs/datasets/breast_cancer/access.json
      hash: md5
      md5: aa805782d516ec756aec08984838d74a
      size: 384800
  stats_immuno_oncology:
    cmd: python prepare.py stats --dataset immuno_oncology --access data/inputs/datasets/immuno_oncology/access.json
    deps:
    - path: data/inputs/datasets/immuno_oncology/models.tsv
      hash: md5
      md5: 9ba01f5c59eeac80526d7e7196799d6f
      size: 168291
    outs:
    - path: data/inputs/datasets/immuno_oncology/access.json
      hash: md5
      md5: fd814d0a2cbc6c55bb7575c58e22a93c
      size: 235485
  stats_neurodegenerative:
    cmd: python prepare.py stats --dataset neurodegenerative --access data/inputs/datasets/neurodegenerative/access.json
    deps:
    - path: data/inputs/datasets/neurodegenerative/models.tsv
      hash: md5
      md5: 7e0eb6a04a2ce6a628530baa165f4451
      size: 240657
    outs:
    - path: data/inputs/datasets/neurodegenerative/access.json
      hash: md5
      md5: 7b5318837fc6782783651796ff0f96fe
      size: 73564
  stats_respiratory:
    cmd: python prepare.py stats --dataset respiratory --access data/inputs/datasets/respiratory/access.json
    deps:
    - path: data/inputs/datasets/respiratory/models.tsv
      hash: md5
      md5: 39fa700e9996f3cbe8bf336c53aecbb9
      size: 335375
    outs:
    - path: data/inputs/datasets/respiratory/access.json
      hash: md5
      md5: ab2cc2860e3b97273b6a4b8714bba233
      size: 121108
  stats_all:
    cmd: python prepare.py stats_all --output data/inputs/datasets/access_all.json
      -j data/inputs/datasets/ATMP/access.json -j data/inputs/datasets/CVD/access.json
      -j data/inputs/datasets/breast_cancer/access.json -j data/inputs/datasets/immuno_oncology/access.json
      -j data/inputs/datasets/neurodegenerative/access.json -j data/inputs/datasets/respiratory/access.json
      -j data/inputs/datasets/autoimmunity/access.json
    deps:
    - path: data/inputs/datasets/ATMP/access.json
      hash: md5
      md5: b6bb8c69c262e375a836b1c0e98bd8db
      size: 38229
    - path: data/inputs/datasets/CVD/access.json
      hash: md5
      md5: 2679f38a515a5d2d7783314b673be0ab
      size: 186680
    - path: data/inputs/datasets/autoimmunity/access.json
      hash: md5
      md5: 9cd32a529cad176dc3c406ff78fab461
      size: 76718
    - path: data/inputs/datasets/breast_cancer/access.json
      hash: md5
      md5: aa805782d516ec756aec08984838d74a
      size: 384800
    - path: data/inputs/datasets/immuno_oncology/access.json
      hash: md5
      md5: fd814d0a2cbc6c55bb7575c58e22a93c
      size: 235485
    - path: data/inputs/datasets/neurodegenerative/access.json
      hash: md5
      md5: 7b5318837fc6782783651796ff0f96fe
      size: 73564
    - path: data/inputs/datasets/respiratory/access.json
      hash: md5
      md5: ab2cc2860e3b97273b6a4b8714bba233
      size: 121108
    outs:
    - path: data/inputs/datasets/access_all.json
      hash: md5
      md5: 636a89321dfdb6fa68b0a14738b5d299
      size: 81
  download_autoimmunity:
    cmd: python prepare.py download --dataset autoimmunity
    deps:
    - path: data/inputs/datasets/autoimmunity/models.tsv
      hash: md5
      md5: cd26dedc9bd854c5083b673cc6302111
      size: 53445
    outs:
    - path: data/inputs/datasets/autoimmunity/papers
      hash: md5
      md5: 6b2b63036ab9406f8dbf96c927b161c1.dir
      size: 382191062
      nfiles: 346
  stats_autoimmunity:
    cmd: python prepare.py stats --dataset autoimmunity --access data/inputs/datasets/autoimmunity/access.json
    deps:
    - path: data/inputs/datasets/autoimmunity/models.tsv
      hash: md5
      md5: cd26dedc9bd854c5083b673cc6302111
      size: 53445
    outs:
    - path: data/inputs/datasets/autoimmunity/access.json
      hash: md5
      md5: 9cd32a529cad176dc3c406ff78fab461
      size: 76718
  parse_autoimmunity:
    cmd: python prepare.py parse --dataset autoimmunity --recreate_parent true
    deps:
    - path: data/inputs/datasets/autoimmunity/papers
      hash: md5
      md5: 6b2b63036ab9406f8dbf96c927b161c1.dir
      size: 382191062
      nfiles: 346
    outs:
    - path: data/inputs/datasets/autoimmunity/parsed_papers
      hash: md5
      md5: ff4f9d7ae43021ac73ec538bced727a8.dir
      size: 8453629
      nfiles: 171
  parse_all:
    cmd: echo 'just a synthatic task to call all parsing'
    deps:
    - path: data/inputs/datasets/ATMP/parsed_papers
      hash: md5
      md5: 2bb488da15bd5cf45b2f62fbec37f4ca.dir
      size: 3467572
      nfiles: 67
    - path: data/inputs/datasets/CVD/parsed_papers
      hash: md5
      md5: 174f905a7b7487757bc4fad023ace727.dir
      size: 11770926
      nfiles: 240
    - path: data/inputs/datasets/autoimmunity/parsed_papers
      hash: md5
      md5: ff4f9d7ae43021ac73ec538bced727a8.dir
      size: 8453629
      nfiles: 171
    - path: data/inputs/datasets/breast_cancer/parsed_papers
      hash: md5
      md5: f024acfcba2c5e3bc3da6c762414144f.dir
      size: 34880363
      nfiles: 683
    - path: data/inputs/datasets/immuno_oncology/parsed_papers
      hash: md5
      md5: b3ba2304e5e9d6a09cfbd3bd66788cb5.dir
      size: 16805544
      nfiles: 339
    - path: data/inputs/datasets/neurodegenerative/parsed_papers
      hash: md5
      md5: 8e86e3c330b5ae849fdd2a34e5afbd9b.dir
      size: 642081
      nfiles: 9
    - path: data/inputs/datasets/respiratory/parsed_papers
      hash: md5
      md5: 63ec8e973bad3bd4bdc1eba51d284e6b.dir
      size: 14305168
      nfiles: 275
